{
  "nodes": {
    "gitignore": {
      "inputs": {
        "nixpkgs": [
          "nixpkgs"
        ]
      },
      "locked": {
        "lastModified": 1709087332,
        "narHash": "sha256-HG2cCnktfHsKV0s4XW83gU3F57gaTljL9KNSuG6bnQs=",
        "owner": "hercules-ci",
        "repo": "gitignore.nix",
        "rev": "637db329424fd7e46cf4185293b9cc8c88c95394",
        "type": "github"
      },
      "original": {
        "owner": "hercules-ci",
        "repo": "gitignore.nix",
        "type": "github"
      }
    },
    "htmx-src": {
      "flake": false,
      "locked": {
        "narHash": "sha256-nm6avZuEBg67SSyyZUhjpXVNstHHgUxrtBHqJgowU08=",
        "type": "file",
        "url": "https://unpkg.com/htmx.org@2.0.4/dist/htmx.min.js"
      },
      "original": {
        "type": "file",
        "url": "https://unpkg.com/htmx.org@2.0.4/dist/htmx.min.js"
      }
    },
    "ia-fonts-src": {
      "flake": false,
      "locked": {
        "lastModified": 1686932517,
        "narHash": "sha256-2T165nFfCzO65/PIHauJA//S+zug5nUwPcg8NUEydfc=",
        "owner": "iaolo",
        "repo": "iA-Fonts",
        "rev": "f32c04c3058a75d7ce28919ce70fe8800817491b",
        "type": "github"
      },
      "original": {
        "owner": "iaolo",
        "repo": "iA-Fonts",
        "type": "github"
      }
    },
    "indigo": {
      "flake": false,
      "locked": {
        "lastModified": 1738491661,
        "narHash": "sha256-+njDigkvjH4XmXZMog5Mp0K4x9mamHX6gSGJCZB9mE4=",
        "owner": "oppiliappan",
        "repo": "indigo",
        "rev": "feb802f02a462ac0a6392ffc3e40b0529f0cdf71",
        "type": "github"
      },
      "original": {
        "owner": "oppiliappan",
        "repo": "indigo",
        "type": "github"
      }
    },
    "lucide-src": {
      "flake": false,
      "locked": {
        "narHash": "sha256-h3LsMyt4gaugENlg07Uxl96j89O5B2ZaO6fQ07cjZgQ=",
        "type": "file",
        "url": "https://unpkg.com/lucide@latest"
      },
      "original": {
        "type": "file",
        "url": "https://unpkg.com/lucide@latest"
      }
    },
    "nixpkgs": {
      "locked": {
        "lastModified": 1740938536,
        "narHash": "sha256-m6Lz7cRoZ8GS7tziYrNWv0WXTYtKx3oOC9Bwa6a13EA=",
        "owner": "nixos",
        "repo": "nixpkgs",
        "rev": "2ffed2bc3d27861b821f9bec127cf51a4dbfabb4",
        "type": "github"
      },
      "original": {
        "owner": "nixos",
        "repo": "nixpkgs",
        "type": "github"
      }
    },
    "root": {
      "inputs": {
        "gitignore": "gitignore",
        "htmx-src": "htmx-src",
        "ia-fonts-src": "ia-fonts-src",
        "indigo": "indigo",
        "lucide-src": "lucide-src",
        "nixpkgs": "nixpkgs"
      }
    }
  },
  "root": "root",
  "version": 7
}
