{
  "nodes": {
    "htmx-src": {
      "flake": false,
      "locked": {
        "narHash": "sha256-nm6avZuEBg67SSyyZUhjpXVNstHHgUxrtBHqJgowU08=",
        "type": "file",
        "url": "https://unpkg.com/htmx.org@2.0.4/dist/htmx.min.js"
      },
      "original": {
        "type": "file",
        "url": "https://unpkg.com/htmx.org@2.0.4/dist/htmx.min.js"
      }
    },
    "indigo": {
      "flake": false,
      "locked": {
        "lastModified": 1738491661,
        "narHash": "sha256-+njDigkvjH4XmXZMog5Mp0K4x9mamHX6gSGJCZB9mE4=",
        "owner": "oppiliappan",
        "repo": "indigo",
        "rev": "feb802f02a462ac0a6392ffc3e40b0529f0cdf71",
        "type": "github"
      },
      "original": {
        "owner": "oppiliappan",
        "repo": "indigo",
        "type": "github"
      }
    },
    "nixpkgs": {
      "locked": {
        "lastModified": 1738589849,
        "narHash": "sha256-YbBrqtYjo7HB+gA2WKN2jWxj0H2e5dBwYrbWeIyirAc=",
        "owner": "nixos",
        "repo": "nixpkgs",
        "rev": "e4a4b2cf12d2c4c15dd6387c74421999095c49ad",
        "type": "github"
      },
      "original": {
        "owner": "nixos",
        "repo": "nixpkgs",
        "type": "github"
      }
    },
    "root": {
      "inputs": {
        "htmx-src": "htmx-src",
        "indigo": "indigo",
        "nixpkgs": "nixpkgs"
      }
    }
  },
  "root": "root",
  "version": 7
}
